// !$*UTF8*$!
{
	archiveVersion = 1;
	classes = {
	};
	objectVersion = 50;
	objects = {

/* Begin PBXBuildFile section */
		655A99A726C209F400476D00 /* AppDelegate.swift in Sources */ = {isa = PBXBuildFile; fileRef = 655A99A626C209F400476D00 /* AppDelegate.swift */; };
		655A99A926C209F400476D00 /* SceneDelegate.swift in Sources */ = {isa = PBXBuildFile; fileRef = 655A99A826C209F400476D00 /* SceneDelegate.swift */; };
		655A99AB26C209F400476D00 /* ContentView.swift in Sources */ = {isa = PBXBuildFile; fileRef = 655A99AA26C209F400476D00 /* ContentView.swift */; };
		655A99AE26C209F400476D00 /* SwiftUI_Image.xcdatamodeld in Sources */ = {isa = PBXBuildFile; fileRef = 655A99AC26C209F400476D00 /* SwiftUI_Image.xcdatamodeld */; };
		655A99B026C209F500476D00 /* Assets.xcassets in Resources */ = {isa = PBXBuildFile; fileRef = 655A99AF26C209F500476D00 /* Assets.xcassets */; };
		655A99B326C209F500476D00 /* Preview Assets.xcassets in Resources */ = {isa = PBXBuildFile; fileRef = 655A99B226C209F500476D00 /* Preview Assets.xcassets */; };
		655A99B626C209F500476D00 /* LaunchScreen.storyboard in Resources */ = {isa = PBXBuildFile; fileRef = 655A99B426C209F500476D00 /* LaunchScreen.storyboard */; };
		655A99BE26C20E9A00476D00 /* WebService.swift in Sources */ = {isa = PBXBuildFile; fileRef = 655A99BD26C20E9A00476D00 /* WebService.swift */; };
/* End PBXBuildFile section */

/* Begin PBXFileReference section */
		655A99A326C209F400476D00 /* SwiftUI_Image.app */ = {isa = PBXFileReference; explicitFileType = wrapper.application; includeInIndex = 0; path = SwiftUI_Image.app; sourceTree = BUILT_PRODUCTS_DIR; };
		655A99A626C209F400476D00 /* AppDelegate.swift */ = {isa = PBXFileReference; lastKnownFileType = sourcecode.swift; path = AppDelegate.swift; sourceTree = "<group>"; };
		655A99A826C209F400476D00 /* SceneDelegate.swift */ = {isa = PBXFileReference; lastKnownFileType = sourcecode.swift; path = SceneDelegate.swift; sourceTree = "<group>"; };
		655A99AA26C209F400476D00 /* ContentView.swift */ = {isa = PBXFileReference; lastKnownFileType = sourcecode.swift; path = ContentView.swift; sourceTree = "<group>"; };
		655A99AD26C209F400476D00 /* SwiftUI_Image.xcdatamodel */ = {isa = PBXFileReference; lastKnownFileType = wrapper.xcdatamodel; path = SwiftUI_Image.xcdatamodel; sourceTree = "<group>"; };
		655A99AF26C209F500476D00 /* Assets.xcassets */ = {isa = PBXFileReference; lastKnownFileType = folder.assetcatalog; path = Assets.xcassets; sourceTree = "<group>"; };
		655A99B226C209F500476D00 /* Preview Assets.xcassets */ = {isa = PBXFileReference; lastKnownFileType = folder.assetcatalog; path = "Preview Assets.xcassets"; sourceTree = "<group>"; };
		655A99B526C209F500476D00 /* Base */ = {isa = PBXFileReference; lastKnownFileType = file.storyboard; name = Base; path = Base.lproj/LaunchScreen.storyboard; sourceTree = "<group>"; };
		655A99B726C209F500476D00 /* Info.plist */ = {isa = PBXFileReference; lastKnownFileType = text.plist.xml; path = Info.plist; sourceTree = "<group>"; };
		655A99BD26C20E9A00476D00 /* WebService.swift */ = {isa = PBXFileReference; lastKnownFileType = sourcecode.swift; path = WebService.swift; sourceTree = "<group>"; };
/* End PBXFileReference section */

/* Begin PBXFrameworksBuildPhase section */
		655A99A026C209F400476D00 /* Frameworks */ = {
			isa = PBXFrameworksBuildPhase;
			buildActionMask = 2147483647;
			files = (
			);
			runOnlyForDeploymentPostprocessing = 0;
		};
/* End PBXFrameworksBuildPhase section */

/* Begin PBXGroup section */
		655A999A26C209F400476D00 = {
			isa = PBXGroup;
			children = (
				655A99A526C209F400476D00 /* SwiftUI_Image */,
				655A99A426C209F400476D00 /* Products */,
			);
			sourceTree = "<group>";
		};
		655A99A426C209F400476D00 /* Products */ = {
			isa = PBXGroup;
			children = (
				655A99A326C209F400476D00 /* SwiftUI_Image.app */,
			);
			name = Products;
			sourceTree = "<group>";
		};
		655A99A526C209F400476D00 /* SwiftUI_Image */ = {
			isa = PBXGroup;
			children = (
				655A99A626C209F400476D00 /* AppDelegate.swift */,
				655A99A826C209F400476D00 /* SceneDelegate.swift */,
				655A99AA26C209F400476D00 /* ContentView.swift */,
				655A99BD26C20E9A00476D00 /* WebService.swift */,
				655A99AF26C209F500476D00 /* Assets.xcassets */,
				655A99B426C209F500476D00 /* LaunchScreen.storyboard */,
				655A99B726C209F500476D00 /* Info.plist */,
				655A99AC26C209F400476D00 /* SwiftUI_Image.xcdatamodeld */,
				655A99B126C209F500476D00 /* Preview Content */,
			);
			path = SwiftUI_Image;
			sourceTree = "<group>";
		};
		655A99B126C209F500476D00 /* Preview Content */ = {
			isa = PBXGroup;
			children = (
				655A99B226C209F500476D00 /* Preview Assets.xcassets */,
			);
			path = "Preview Content";
			sourceTree = "<group>";
		};
/* End PBXGroup section */

/* Begin PBXNativeTarget section */
		655A99A226C209F400476D00 /* SwiftUI_Image */ = {
			isa = PBXNativeTarget;
			buildConfigurationList = 655A99BA26C209F500476D00 /* Build configuration list for PBXNativeTarget "SwiftUI_Image" */;
			buildPhases = (
				655A999F26C209F400476D00 /* Sources */,
				655A99A026C209F400476D00 /* Frameworks */,
				655A99A126C209F400476D00 /* Resources */,
			);
			buildRules = (
			);
			dependencies = (
			);
			name = SwiftUI_Image;
			productName = SwiftUI_Image;
			productReference = 655A99A326C209F400476D00 /* SwiftUI_Image.app */;
			productType = "com.apple.product-type.application";
		};
/* End PBXNativeTarget section */

/* Begin PBXProject section */
		655A999B26C209F400476D00 /* Project object */ = {
			isa = PBXProject;
			attributes = {
				LastSwiftUpdateCheck = 1250;
				LastUpgradeCheck = 1250;
				TargetAttributes = {
					655A99A226C209F400476D00 = {
						CreatedOnToolsVersion = 12.5.1;
					};
				};
			};
			buildConfigurationList = 655A999E26C209F400476D00 /* Build configuration list for PBXProject "SwiftUI_Image" */;
			compatibilityVersion = "Xcode 9.3";
			developmentRegion = en;
			hasScannedForEncodings = 0;
			knownRegions = (
				en,
				Base,
			);
			mainGroup = 655A999A26C209F400476D00;
			productRefGroup = 655A99A426C209F400476D00 /* Products */;
			projectDirPath = "";
			projectRoot = "";
			targets = (
				655A99A226C209F400476D00 /* SwiftUI_Image */,
			);
		};
/* End PBXProject section */

/* Begin PBXResourcesBuildPhase section */
		655A99A126C209F400476D00 /* Resources */ = {
			isa = PBXResourcesBuildPhase;
			buildActionMask = 2147483647;
			files = (
				655A99B626C209F500476D00 /* LaunchScreen.storyboard in Resources */,
				655A99B326C209F500476D00 /* Preview Assets.xcassets in Resources */,
				655A99B026C209F500476D00 /* Assets.xcassets in Resources */,
			);
			runOnlyForDeploymentPostprocessing = 0;
		};
/* End PBXResourcesBuildPhase section */

/* Begin PBXSourcesBuildPhase section */
		655A999F26C209F400476D00 /* Sources */ = {
			isa = PBXSourcesBuildPhase;
			buildActionMask = 2147483647;
			files = (
				655A99A726C209F400476D00 /* AppDelegate.swift in Sources */,
				655A99A926C209F400476D00 /* SceneDelegate.swift in Sources */,
				655A99AB26C209F400476D00 /* ContentView.swift in Sources */,
				655A99BE26C20E9A00476D00 /* WebService.swift in Sources */,
				655A99AE26C209F400476D00 /* SwiftUI_Image.xcdatamodeld in Sources */,
			);
			runOnlyForDeploymentPostprocessing = 0;
		};
/* End PBXSourcesBuildPhase section */

/* Begin PBXVariantGroup section */
		655A99B426C209F500476D00 /* LaunchScreen.storyboard */ = {
			isa = PBXVariantGroup;
			children = (
				655A99B526C209F500476D00 /* Base */,
			);
			name = LaunchScreen.storyboard;
			sourceTree = "<group>";
		};
/* End PBXVariantGroup section */

/* Begin XCBuildConfiguration section */
		655A99B826C209F500476D00 /* Debug */ = {
			isa = XCBuildConfiguration;
			buildSettings = {
				ALWAYS_SEARCH_USER_PATHS = NO;
				CLANG_ANALYZER_NONNULL = YES;
				CLANG_ANALYZER_NUMBER_OBJECT_CONVERSION = YES_AGGRESSIVE;
				CLANG_CXX_LANGUAGE_STANDARD = "gnu++14";
				CLANG_CXX_LIBRARY = "libc++";
				CLANG_ENABLE_MODULES = YES;
				CLANG_ENABLE_OBJC_ARC = YES;
				CLANG_ENABLE_OBJC_WEAK = YES;
				CLANG_WARN_BLOCK_CAPTURE_AUTORELEASING = YES;
				CLANG_WARN_BOOL_CONVERSION = YES;
				CLANG_WARN_COMMA = YES;
				CLANG_WARN_CONSTANT_CONVERSION = YES;
				CLANG_WARN_DEPRECATED_OBJC_IMPLEMENTATIONS = YES;
				CLANG_WARN_DIRECT_OBJC_ISA_USAGE = YES_ERROR;
				CLANG_WARN_DOCUMENTATION_COMMENTS = YES;
				CLANG_WARN_EMPTY_BODY = YES;
				CLANG_WARN_ENUM_CONVERSION = YES;
				CLANG_WARN_INFINITE_RECURSION = YES;
				CLANG_WARN_INT_CONVERSION = YES;
				CLANG_WARN_NON_LITERAL_NULL_CONVERSION = YES;
				CLANG_WARN_OBJC_IMPLICIT_RETAIN_SELF = YES;
				CLANG_WARN_OBJC_LITERAL_CONVERSION = YES;
				CLANG_WARN_OBJC_ROOT_CLASS = YES_ERROR;
				CLANG_WARN_QUOTED_INCLUDE_IN_FRAMEWORK_HEADER = YES;
				CLANG_WARN_RANGE_LOOP_ANALYSIS = YES;
				CLANG_WARN_STRICT_PROTOTYPES = YES;
				CLANG_WARN_SUSPICIOUS_MOVE = YES;
				CLANG_WARN_UNGUARDED_AVAILABILITY = YES_AGGRESSIVE;
				CLANG_WARN_UNREACHABLE_CODE = YES;
				CLANG_WARN__DUPLICATE_METHOD_MATCH = YES;
				COPY_PHASE_STRIP = NO;
				DEBUG_INFORMATION_FORMAT = dwarf;
				ENABLE_STRICT_OBJC_MSGSEND = YES;
				ENABLE_TESTABILITY = YES;
				GCC_C_LANGUAGE_STANDARD = gnu11;
				GCC_DYNAMIC_NO_PIC = NO;
				GCC_NO_COMMON_BLOCKS = YES;
				GCC_OPTIMIZATION_LEVEL = 0;
				GCC_PREPROCESSOR_DEFINITIONS = (
					"DEBUG=1",
					"$(inherited)",
				);
				GCC_WARN_64_TO_32_BIT_CONVERSION = YES;
				GCC_WARN_ABOUT_RETURN_TYPE = YES_ERROR;
				GCC_WARN_UNDECLARED_SELECTOR = YES;
				GCC_WARN_UNINITIALIZED_AUTOS = YES_AGGRESSIVE;
				GCC_WARN_UNUSED_FUNCTION = YES;
				GCC_WARN_UNUSED_VARIABLE = YES;
				IPHONEOS_DEPLOYMENT_TARGET = 14.5;
				MTL_ENABLE_DEBUG_INFO = INCLUDE_SOURCE;
				MTL_FAST_MATH = YES;
				ONLY_ACTIVE_ARCH = YES;
				SDKROOT = iphoneos;
				SWIFT_ACTIVE_COMPILATION_CONDITIONS = DEBUG;
				SWIFT_OPTIMIZATION_LEVEL = "-Onone";
			};
			name = Debug;
		};
		655A99B926C209F500476D00 /* Release */ = {
			isa = XCBuildConfiguration;
			buildSettings = {
				ALWAYS_SEARCH_USER_PATHS = NO;
				CLANG_ANALYZER_NONNULL = YES;
				CLANG_ANALYZER_NUMBER_OBJECT_CONVERSION = YES_AGGRESSIVE;
				CLANG_CXX_LANGUAGE_STANDARD = "gnu++14";
				CLANG_CXX_LIBRARY = "libc++";
				CLANG_ENABLE_MODULES = YES;
				CLANG_ENABLE_OBJC_ARC = YES;
				CLANG_ENABLE_OBJC_WEAK = YES;
				CLANG_WARN_BLOCK_CAPTURE_AUTORELEASING = YES;
				CLANG_WARN_BOOL_CONVERSION = YES;
				CLANG_WARN_COMMA = YES;
				CLANG_WARN_CONSTANT_CONVERSION = YES;
				CLANG_WARN_DEPRECATED_OBJC_IMPLEMENTATIONS = YES;
				CLANG_WARN_DIRECT_OBJC_ISA_USAGE = YES_ERROR;
				CLANG_WARN_DOCUMENTATION_COMMENTS = YES;
				CLANG_WARN_EMPTY_BODY = YES;
				CLANG_WARN_ENUM_CONVERSION = YES;
				CLANG_WARN_INFINITE_RECURSION = YES;
				CLANG_WARN_INT_CONVERSION = YES;
				CLANG_WARN_NON_LITERAL_NULL_CONVERSION = YES;
				CLANG_WARN_OBJC_IMPLICIT_RETAIN_SELF = YES;
				CLANG_WARN_OBJC_LITERAL_CONVERSION = YES;
				CLANG_WARN_OBJC_ROOT_CLASS = YES_ERROR;
				CLANG_WARN_QUOTED_INCLUDE_IN_FRAMEWORK_HEADER = YES;
				CLANG_WARN_RANGE_LOOP_ANALYSIS = YES;
				CLANG_WARN_STRICT_PROTOTYPES = YES;
				CLANG_WARN_SUSPICIOUS_MOVE = YES;
				CLANG_WARN_UNGUARDED_AVAILABILITY = YES_AGGRESSIVE;
				CLANG_WARN_UNREACHABLE_CODE = YES;
				CLANG_WARN__DUPLICATE_METHOD_MATCH = YES;
				COPY_PHASE_STRIP = NO;
				DEBUG_INFORMATION_FORMAT = "dwarf-with-dsym";
				ENABLE_NS_ASSERTIONS = NO;
				ENABLE_STRICT_OBJC_MSGSEND = YES;
				GCC_C_LANGUAGE_STANDARD = gnu11;
				GCC_NO_COMMON_BLOCKS = YES;
				GCC_WARN_64_TO_32_BIT_CONVERSION = YES;
				GCC_WARN_ABOUT_RETURN_TYPE = YES_ERROR;
				GCC_WARN_UNDECLARED_SELECTOR = YES;
				GCC_WARN_UNINITIALIZED_AUTOS = YES_AGGRESSIVE;
				GCC_WARN_UNUSED_FUNCTION = YES;
				GCC_WARN_UNUSED_VARIABLE = YES;
				IPHONEOS_DEPLOYMENT_TARGET = 14.5;
				MTL_ENABLE_DEBUG_INFO = NO;
				MTL_FAST_MATH = YES;
				SDKROOT = iphoneos;
				SWIFT_COMPILATION_MODE = wholemodule;
				SWIFT_OPTIMIZATION_LEVEL = "-O";
				VALIDATE_PRODUCT = YES;
			};
			name = Release;
		};
		655A99BB26C209F500476D00 /* Debug */ = {
			isa = XCBuildConfiguration;
			buildSettings = {
				ASSETCATALOG_COMPILER_APPICON_NAME = AppIcon;
				ASSETCATALOG_COMPILER_GLOBAL_ACCENT_COLOR_NAME = AccentColor;
				CODE_SIGN_STYLE = Automatic;
				DEVELOPMENT_ASSET_PATHS = "\"SwiftUI_Image/Preview Content\"";
				DEVELOPMENT_TEAM = B434W34DLF;
				ENABLE_PREVIEWS = YES;
				INFOPLIST_FILE = SwiftUI_Image/Info.plist;
				LD_RUNPATH_SEARCH_PATHS = (
					"$(inherited)",
					"@executable_path/Frameworks",
				);
				PRODUCT_BUNDLE_IDENTIFIER = "kr.ac.kpu.-.SwiftUI-Image";
				PRODUCT_NAME = "$(TARGET_NAME)";
				SWIFT_VERSION = 5.0;
				TARGETED_DEVICE_FAMILY = "1,2";
			};
			name = Debug;
		};
		655A99BC26C209F500476D00 /* Release */ = {
			isa = XCBuildConfiguration;
			buildSettings = {
				ASSETCATALOG_COMPILER_APPICON_NAME = AppIcon;
				ASSETCATALOG_COMPILER_GLOBAL_ACCENT_COLOR_NAME = AccentColor;
				CODE_SIGN_STYLE = Automatic;
				DEVELOPMENT_ASSET_PATHS = "\"SwiftUI_Image/Preview Content\"";
				DEVELOPMENT_TEAM = B434W34DLF;
				ENABLE_PREVIEWS = YES;
				INFOPLIST_FILE = SwiftUI_Image/Info.plist;
				LD_RUNPATH_SEARCH_PATHS = (
					"$(inherited)",
					"@executable_path/Frameworks",
				);
				PRODUCT_BUNDLE_IDENTIFIER = "kr.ac.kpu.-.SwiftUI-Image";
				PRODUCT_NAME = "$(TARGET_NAME)";
				SWIFT_VERSION = 5.0;
				TARGETED_DEVICE_FAMILY = "1,2";
			};
			name = Release;
		};
/* End XCBuildConfiguration section */

/* Begin XCConfigurationList section */
		655A999E26C209F400476D00 /* Build configuration list for PBXProject "SwiftUI_Image" */ = {
			isa = XCConfigurationList;
			buildConfigurations = (
				655A99B826C209F500476D00 /* Debug */,
				655A99B926C209F500476D00 /* Release */,
			);
			defaultConfigurationIsVisible = 0;
			defaultConfigurationName = Release;
		};
		655A99BA26C209F500476D00 /* Build configuration list for PBXNativeTarget "SwiftUI_Image" */ = {
			isa = XCConfigurationList;
			buildConfigurations = (
				655A99BB26C209F500476D00 /* Debug */,
				655A99BC26C209F500476D00 /* Release */,
			);
			defaultConfigurationIsVisible = 0;
			defaultConfigurationName = Release;
		};
/* End XCConfigurationList section */

/* Begin XCVersionGroup section */
		655A99AC26C209F400476D00 /* SwiftUI_Image.xcdatamodeld */ = {
			isa = XCVersionGroup;
			children = (
				655A99AD26C209F400476D00 /* SwiftUI_Image.xcdatamodel */,
			);
			currentVersion = 655A99AD26C209F400476D00 /* SwiftUI_Image.xcdatamodel */;
			path = SwiftUI_Image.xcdatamodeld;
			sourceTree = "<group>";
			versionGroupType = wrapper.xcdatamodel;
		};
/* End XCVersionGroup section */
	};
	rootObject = 655A999B26C209F400476D00 /* Project object */;
}
